
Microsoft Visual Studio Solution File, Format Version 12.00
# Visual Studio 14
VisualStudioVersion = 14.0.25420.1
MinimumVisualStudioVersion = 10.0.40219.1
Project("{FAE04EC0-301F-11D3-BF4B-00C04F79EFBC}") = "ScrabbleWordHelper", "ScrabbleWordHelper\ScrabbleWordHelper\ScrabbleWordHelper.csproj", "{55B075EE-A155-4987-B594-A3E3340D06EC}"
EndProject
Project("{FAE04EC0-301F-11D3-BF4B-00C04F79EFBC}") = "ScrabbleWordHelper.Droid", "ScrabbleWordHelper\ScrabbleWordHelper.Droid\ScrabbleWordHelper.Droid.csproj", "{2AF6A534-708F-4E87-AC80-1BFEDE8B0809}"
EndProject
Project("{FAE04EC0-301F-11D3-BF4B-00C04F79EFBC}") = "ScrabbleWordHelper.iOS", "ScrabbleWordHelper\ScrabbleWordHelper.iOS\ScrabbleWordHelper.iOS.csproj", "{DEEC41E4-8DA0-4A33-87BD-DFB8F8BDE853}"
EndProject
Project("{FAE04EC0-301F-11D3-BF4B-00C04F79EFBC}") = "ScrabbleWordHelper.WinPhone", "ScrabbleWordHelper\ScrabbleWordHelper.WinPhone\ScrabbleWordHelper.WinPhone.csproj", "{C4B7DE8F-1602-41D2-8F5F-D5281A2D3522}"
EndProject
Project("{FAE04EC0-301F-11D3-BF4B-00C04F79EFBC}") = "ScrabbleWordHelper.UWP", "ScrabbleWordHelper\ScrabbleWordHelper.UWP\ScrabbleWordHelper.UWP.csproj", "{67A2D02D-A6FA-4DCF-86DB-985B8230E2C2}"
EndProject
Project("{FAE04EC0-301F-11D3-BF4B-00C04F79EFBC}") = "ScrabbleWordHelper.Windows", "ScrabbleWordHelper\ScrabbleWordHelper.Windows\ScrabbleWordHelper.Windows.csproj", "{21C382CA-A73E-420D-99D1-0439A2E35588}"
EndProject
Global
	GlobalSection(SolutionConfigurationPlatforms) = preSolution
		Ad-Hoc|Any CPU = Ad-Hoc|Any CPU
		Ad-Hoc|ARM = Ad-Hoc|ARM
		Ad-Hoc|iPhone = Ad-Hoc|iPhone
		Ad-Hoc|iPhoneSimulator = Ad-Hoc|iPhoneSimulator
		Ad-Hoc|x64 = Ad-Hoc|x64
		Ad-Hoc|x86 = Ad-Hoc|x86
		AppStore|Any CPU = AppStore|Any CPU
		AppStore|ARM = AppStore|ARM
		AppStore|iPhone = AppStore|iPhone
		AppStore|iPhoneSimulator = AppStore|iPhoneSimulator
		AppStore|x64 = AppStore|x64
		AppStore|x86 = AppStore|x86
		Debug|Any CPU = Debug|Any CPU
		Debug|ARM = Debug|ARM
		Debug|iPhone = Debug|iPhone
		Debug|iPhoneSimulator = Debug|iPhoneSimulator
		Debug|x64 = Debug|x64
		Debug|x86 = Debug|x86
		Release|Any CPU = Release|Any CPU
		Release|ARM = Release|ARM
		Release|iPhone = Release|iPhone
		Release|iPhoneSimulator = Release|iPhoneSimulator
		Release|x64 = Release|x64
		Release|x86 = Release|x86
	EndGlobalSection
	GlobalSection(ProjectConfigurationPlatforms) = postSolution
		{55B075EE-A155-4987-B594-A3E3340D06EC}.Ad-Hoc|Any CPU.ActiveCfg = Release|Any CPU
		{55B075EE-A155-4987-B594-A3E3340D06EC}.Ad-Hoc|Any CPU.Build.0 = Release|Any CPU
		{55B075EE-A155-4987-B594-A3E3340D06EC}.Ad-Hoc|ARM.ActiveCfg = Release|Any CPU
		{55B075EE-A155-4987-B594-A3E3340D06EC}.Ad-Hoc|ARM.Build.0 = Release|Any CPU
		{55B075EE-A155-4987-B594-A3E3340D06EC}.Ad-Hoc|iPhone.ActiveCfg = Release|Any CPU
		{55B075EE-A155-4987-B594-A3E3340D06EC}.Ad-Hoc|iPhone.Build.0 = Release|Any CPU
		{55B075EE-A155-4987-B594-A3E3340D06EC}.Ad-Hoc|iPhoneSimulator.ActiveCfg = Release|Any CPU
		{55B075EE-A155-4987-B594-A3E3340D06EC}.Ad-Hoc|iPhoneSimulator.Build.0 = Release|Any CPU
		{55B075EE-A155-4987-B594-A3E3340D06EC}.Ad-Hoc|x64.ActiveCfg = Release|Any CPU
		{55B075EE-A155-4987-B594-A3E3340D06EC}.Ad-Hoc|x64.Build.0 = Release|Any CPU
		{55B075EE-A155-4987-B594-A3E3340D06EC}.Ad-Hoc|x86.ActiveCfg = Release|Any CPU
		{55B075EE-A155-4987-B594-A3E3340D06EC}.Ad-Hoc|x86.Build.0 = Release|Any CPU
		{55B075EE-A155-4987-B594-A3E3340D06EC}.AppStore|Any CPU.ActiveCfg = Release|Any CPU
		{55B075EE-A155-4987-B594-A3E3340D06EC}.AppStore|Any CPU.Build.0 = Release|Any CPU
		{55B075EE-A155-4987-B594-A3E3340D06EC}.AppStore|ARM.ActiveCfg = Release|Any CPU
		{55B075EE-A155-4987-B594-A3E3340D06EC}.AppStore|ARM.Build.0 = Release|Any CPU
		{55B075EE-A155-4987-B594-A3E3340D06EC}.AppStore|iPhone.ActiveCfg = Release|Any CPU
		{55B075EE-A155-4987-B594-A3E3340D06EC}.AppStore|iPhone.Build.0 = Release|Any CPU
		{55B075EE-A155-4987-B594-A3E3340D06EC}.AppStore|iPhoneSimulator.ActiveCfg = Release|Any CPU
		{55B075EE-A155-4987-B594-A3E3340D06EC}.AppStore|iPhoneSimulator.Build.0 = Release|Any CPU
		{55B075EE-A155-4987-B594-A3E3340D06EC}.AppStore|x64.ActiveCfg = Release|Any CPU
		{55B075EE-A155-4987-B594-A3E3340D06EC}.AppStore|x64.Build.0 = Release|Any CPU
		{55B075EE-A155-4987-B594-A3E3340D06EC}.AppStore|x86.ActiveCfg = Release|Any CPU
		{55B075EE-A155-4987-B594-A3E3340D06EC}.AppStore|x86.Build.0 = Release|Any CPU
		{55B075EE-A155-4987-B594-A3E3340D06EC}.Debug|Any CPU.ActiveCfg = Debug|Any CPU
		{55B075EE-A155-4987-B594-A3E3340D06EC}.Debug|Any CPU.Build.0 = Debug|Any CPU
		{55B075EE-A155-4987-B594-A3E3340D06EC}.Debug|ARM.ActiveCfg = Debug|Any CPU
		{55B075EE-A155-4987-B594-A3E3340D06EC}.Debug|ARM.Build.0 = Debug|Any CPU
		{55B075EE-A155-4987-B594-A3E3340D06EC}.Debug|iPhone.ActiveCfg = Debug|Any CPU
		{55B075EE-A155-4987-B594-A3E3340D06EC}.Debug|iPhone.Build.0 = Debug|Any CPU
		{55B075EE-A155-4987-B594-A3E3340D06EC}.Debug|iPhoneSimulator.ActiveCfg = Debug|Any CPU
		{55B075EE-A155-4987-B594-A3E3340D06EC}.Debug|iPhoneSimulator.Build.0 = Debug|Any CPU
		{55B075EE-A155-4987-B594-A3E3340D06EC}.Debug|x64.ActiveCfg = Debug|Any CPU
		{55B075EE-A155-4987-B594-A3E3340D06EC}.Debug|x64.Build.0 = Debug|Any CPU
		{55B075EE-A155-4987-B594-A3E3340D06EC}.Debug|x86.ActiveCfg = Debug|Any CPU
		{55B075EE-A155-4987-B594-A3E3340D06EC}.Debug|x86.Build.0 = Debug|Any CPU
		{55B075EE-A155-4987-B594-A3E3340D06EC}.Release|Any CPU.ActiveCfg = Release|Any CPU
		{55B075EE-A155-4987-B594-A3E3340D06EC}.Release|Any CPU.Build.0 = Release|Any CPU
		{55B075EE-A155-4987-B594-A3E3340D06EC}.Release|ARM.ActiveCfg = Release|Any CPU
		{55B075EE-A155-4987-B594-A3E3340D06EC}.Release|ARM.Build.0 = Release|Any CPU
		{55B075EE-A155-4987-B594-A3E3340D06EC}.Release|iPhone.ActiveCfg = Release|Any CPU
		{55B075EE-A155-4987-B594-A3E3340D06EC}.Release|iPhone.Build.0 = Release|Any CPU
		{55B075EE-A155-4987-B594-A3E3340D06EC}.Release|iPhoneSimulator.ActiveCfg = Release|Any CPU
		{55B075EE-A155-4987-B594-A3E3340D06EC}.Release|iPhoneSimulator.Build.0 = Release|Any CPU
		{55B075EE-A155-4987-B594-A3E3340D06EC}.Release|x64.ActiveCfg = Release|Any CPU
		{55B075EE-A155-4987-B594-A3E3340D06EC}.Release|x64.Build.0 = Release|Any CPU
		{55B075EE-A155-4987-B594-A3E3340D06EC}.Release|x86.ActiveCfg = Release|Any CPU
		{55B075EE-A155-4987-B594-A3E3340D06EC}.Release|x86.Build.0 = Release|Any CPU
		{2AF6A534-708F-4E87-AC80-1BFEDE8B0809}.Ad-Hoc|Any CPU.ActiveCfg = Release|Any CPU
		{2AF6A534-708F-4E87-AC80-1BFEDE8B0809}.Ad-Hoc|Any CPU.Build.0 = Release|Any CPU
		{2AF6A534-708F-4E87-AC80-1BFEDE8B0809}.Ad-Hoc|Any CPU.Deploy.0 = Release|Any CPU
		{2AF6A534-708F-4E87-AC80-1BFEDE8B0809}.Ad-Hoc|ARM.ActiveCfg = Release|Any CPU
		{2AF6A534-708F-4E87-AC80-1BFEDE8B0809}.Ad-Hoc|ARM.Build.0 = Release|Any CPU
		{2AF6A534-708F-4E87-AC80-1BFEDE8B0809}.Ad-Hoc|ARM.Deploy.0 = Release|Any CPU
		{2AF6A534-708F-4E87-AC80-1BFEDE8B0809}.Ad-Hoc|iPhone.ActiveCfg = Release|Any CPU
		{2AF6A534-708F-4E87-AC80-1BFEDE8B0809}.Ad-Hoc|iPhone.Build.0 = Release|Any CPU
		{2AF6A534-708F-4E87-AC80-1BFEDE8B0809}.Ad-Hoc|iPhone.Deploy.0 = Release|Any CPU
		{2AF6A534-708F-4E87-AC80-1BFEDE8B0809}.Ad-Hoc|iPhoneSimulator.ActiveCfg = Release|Any CPU
		{2AF6A534-708F-4E87-AC80-1BFEDE8B0809}.Ad-Hoc|iPhoneSimulator.Build.0 = Release|Any CPU
		{2AF6A534-708F-4E87-AC80-1BFEDE8B0809}.Ad-Hoc|iPhoneSimulator.Deploy.0 = Release|Any CPU
		{2AF6A534-708F-4E87-AC80-1BFEDE8B0809}.Ad-Hoc|x64.ActiveCfg = Release|Any CPU
		{2AF6A534-708F-4E87-AC80-1BFEDE8B0809}.Ad-Hoc|x64.Build.0 = Release|Any CPU
		{2AF6A534-708F-4E87-AC80-1BFEDE8B0809}.Ad-Hoc|x64.Deploy.0 = Release|Any CPU
		{2AF6A534-708F-4E87-AC80-1BFEDE8B0809}.Ad-Hoc|x86.ActiveCfg = Release|Any CPU
		{2AF6A534-708F-4E87-AC80-1BFEDE8B0809}.Ad-Hoc|x86.Build.0 = Release|Any CPU
		{2AF6A534-708F-4E87-AC80-1BFEDE8B0809}.Ad-Hoc|x86.Deploy.0 = Release|Any CPU
		{2AF6A534-708F-4E87-AC80-1BFEDE8B0809}.AppStore|Any CPU.ActiveCfg = Release|Any CPU
		{2AF6A534-708F-4E87-AC80-1BFEDE8B0809}.AppStore|Any CPU.Build.0 = Release|Any CPU
		{2AF6A534-708F-4E87-AC80-1BFEDE8B0809}.AppStore|Any CPU.Deploy.0 = Release|Any CPU
		{2AF6A534-708F-4E87-AC80-1BFEDE8B0809}.AppStore|ARM.ActiveCfg = Release|Any CPU
		{2AF6A534-708F-4E87-AC80-1BFEDE8B0809}.AppStore|ARM.Build.0 = Release|Any CPU
		{2AF6A534-708F-4E87-AC80-1BFEDE8B0809}.AppStore|ARM.Deploy.0 = Release|Any CPU
		{2AF6A534-708F-4E87-AC80-1BFEDE8B0809}.AppStore|iPhone.ActiveCfg = Release|Any CPU
		{2AF6A534-708F-4E87-AC80-1BFEDE8B0809}.AppStore|iPhone.Build.0 = Release|Any CPU
		{2AF6A534-708F-4E87-AC80-1BFEDE8B0809}.AppStore|iPhone.Deploy.0 = Release|Any CPU
		{2AF6A534-708F-4E87-AC80-1BFEDE8B0809}.AppStore|iPhoneSimulator.ActiveCfg = Release|Any CPU
		{2AF6A534-708F-4E87-AC80-1BFEDE8B0809}.AppStore|iPhoneSimulator.Build.0 = Release|Any CPU
		{2AF6A534-708F-4E87-AC80-1BFEDE8B0809}.AppStore|iPhoneSimulator.Deploy.0 = Release|Any CPU
		{2AF6A534-708F-4E87-AC80-1BFEDE8B0809}.AppStore|x64.ActiveCfg = Release|Any CPU
		{2AF6A534-708F-4E87-AC80-1BFEDE8B0809}.AppStore|x64.Build.0 = Release|Any CPU
		{2AF6A534-708F-4E87-AC80-1BFEDE8B0809}.AppStore|x64.Deploy.0 = Release|Any CPU
		{2AF6A534-708F-4E87-AC80-1BFEDE8B0809}.AppStore|x86.ActiveCfg = Release|Any CPU
		{2AF6A534-708F-4E87-AC80-1BFEDE8B0809}.AppStore|x86.Build.0 = Release|Any CPU
		{2AF6A534-708F-4E87-AC80-1BFEDE8B0809}.AppStore|x86.Deploy.0 = Release|Any CPU
		{2AF6A534-708F-4E87-AC80-1BFEDE8B0809}.Debug|Any CPU.ActiveCfg = Debug|Any CPU
		{2AF6A534-708F-4E87-AC80-1BFEDE8B0809}.Debug|Any CPU.Build.0 = Debug|Any CPU
		{2AF6A534-708F-4E87-AC80-1BFEDE8B0809}.Debug|Any CPU.Deploy.0 = Debug|Any CPU
		{2AF6A534-708F-4E87-AC80-1BFEDE8B0809}.Debug|ARM.ActiveCfg = Debug|Any CPU
		{2AF6A534-708F-4E87-AC80-1BFEDE8B0809}.Debug|ARM.Build.0 = Debug|Any CPU
		{2AF6A534-708F-4E87-AC80-1BFEDE8B0809}.Debug|ARM.Deploy.0 = Debug|Any CPU
		{2AF6A534-708F-4E87-AC80-1BFEDE8B0809}.Debug|iPhone.ActiveCfg = Debug|Any CPU
		{2AF6A534-708F-4E87-AC80-1BFEDE8B0809}.Debug|iPhone.Build.0 = Debug|Any CPU
		{2AF6A534-708F-4E87-AC80-1BFEDE8B0809}.Debug|iPhone.Deploy.0 = Debug|Any CPU
		{2AF6A534-708F-4E87-AC80-1BFEDE8B0809}.Debug|iPhoneSimulator.ActiveCfg = Debug|Any CPU
		{2AF6A534-708F-4E87-AC80-1BFEDE8B0809}.Debug|iPhoneSimulator.Build.0 = Debug|Any CPU
		{2AF6A534-708F-4E87-AC80-1BFEDE8B0809}.Debug|iPhoneSimulator.Deploy.0 = Debug|Any CPU
		{2AF6A534-708F-4E87-AC80-1BFEDE8B0809}.Debug|x64.ActiveCfg = Debug|Any CPU
		{2AF6A534-708F-4E87-AC80-1BFEDE8B0809}.Debug|x64.Build.0 = Debug|Any CPU
		{2AF6A534-708F-4E87-AC80-1BFEDE8B0809}.Debug|x64.Deploy.0 = Debug|Any CPU
		{2AF6A534-708F-4E87-AC80-1BFEDE8B0809}.Debug|x86.ActiveCfg = Debug|Any CPU
		{2AF6A534-708F-4E87-AC80-1BFEDE8B0809}.Debug|x86.Build.0 = Debug|Any CPU
		{2AF6A534-708F-4E87-AC80-1BFEDE8B0809}.Debug|x86.Deploy.0 = Debug|Any CPU
		{2AF6A534-708F-4E87-AC80-1BFEDE8B0809}.Release|Any CPU.ActiveCfg = Release|Any CPU
		{2AF6A534-708F-4E87-AC80-1BFEDE8B0809}.Release|Any CPU.Build.0 = Release|Any CPU
		{2AF6A534-708F-4E87-AC80-1BFEDE8B0809}.Release|Any CPU.Deploy.0 = Release|Any CPU
		{2AF6A534-708F-4E87-AC80-1BFEDE8B0809}.Release|ARM.ActiveCfg = Release|Any CPU
		{2AF6A534-708F-4E87-AC80-1BFEDE8B0809}.Release|ARM.Build.0 = Release|Any CPU
		{2AF6A534-708F-4E87-AC80-1BFEDE8B0809}.Release|ARM.Deploy.0 = Release|Any CPU
		{2AF6A534-708F-4E87-AC80-1BFEDE8B0809}.Release|iPhone.ActiveCfg = Release|Any CPU
		{2AF6A534-708F-4E87-AC80-1BFEDE8B0809}.Release|iPhone.Build.0 = Release|Any CPU
		{2AF6A534-708F-4E87-AC80-1BFEDE8B0809}.Release|iPhone.Deploy.0 = Release|Any CPU
		{2AF6A534-708F-4E87-AC80-1BFEDE8B0809}.Release|iPhoneSimulator.ActiveCfg = Release|Any CPU
		{2AF6A534-708F-4E87-AC80-1BFEDE8B0809}.Release|iPhoneSimulator.Build.0 = Release|Any CPU
		{2AF6A534-708F-4E87-AC80-1BFEDE8B0809}.Release|iPhoneSimulator.Deploy.0 = Release|Any CPU
		{2AF6A534-708F-4E87-AC80-1BFEDE8B0809}.Release|x64.ActiveCfg = Release|Any CPU
		{2AF6A534-708F-4E87-AC80-1BFEDE8B0809}.Release|x64.Build.0 = Release|Any CPU
		{2AF6A534-708F-4E87-AC80-1BFEDE8B0809}.Release|x64.Deploy.0 = Release|Any CPU
		{2AF6A534-708F-4E87-AC80-1BFEDE8B0809}.Release|x86.ActiveCfg = Release|Any CPU
		{2AF6A534-708F-4E87-AC80-1BFEDE8B0809}.Release|x86.Build.0 = Release|Any CPU
		{2AF6A534-708F-4E87-AC80-1BFEDE8B0809}.Release|x86.Deploy.0 = Release|Any CPU
		{DEEC41E4-8DA0-4A33-87BD-DFB8F8BDE853}.Ad-Hoc|Any CPU.ActiveCfg = Ad-Hoc|iPhone
		{DEEC41E4-8DA0-4A33-87BD-DFB8F8BDE853}.Ad-Hoc|ARM.ActiveCfg = Ad-Hoc|iPhone
		{DEEC41E4-8DA0-4A33-87BD-DFB8F8BDE853}.Ad-Hoc|iPhone.ActiveCfg = Ad-Hoc|iPhone
		{DEEC41E4-8DA0-4A33-87BD-DFB8F8BDE853}.Ad-Hoc|iPhone.Build.0 = Ad-Hoc|iPhone
		{DEEC41E4-8DA0-4A33-87BD-DFB8F8BDE853}.Ad-Hoc|iPhoneSimulator.ActiveCfg = Ad-Hoc|iPhoneSimulator
		{DEEC41E4-8DA0-4A33-87BD-DFB8F8BDE853}.Ad-Hoc|iPhoneSimulator.Build.0 = Ad-Hoc|iPhoneSimulator
		{DEEC41E4-8DA0-4A33-87BD-DFB8F8BDE853}.Ad-Hoc|x64.ActiveCfg = Ad-Hoc|iPhone
		{DEEC41E4-8DA0-4A33-87BD-DFB8F8BDE853}.Ad-Hoc|x86.ActiveCfg = Ad-Hoc|iPhone
		{DEEC41E4-8DA0-4A33-87BD-DFB8F8BDE853}.AppStore|Any CPU.ActiveCfg = AppStore|iPhone
		{DEEC41E4-8DA0-4A33-87BD-DFB8F8BDE853}.AppStore|ARM.ActiveCfg = AppStore|iPhone
		{DEEC41E4-8DA0-4A33-87BD-DFB8F8BDE853}.AppStore|iPhone.ActiveCfg = AppStore|iPhone
		{DEEC41E4-8DA0-4A33-87BD-DFB8F8BDE853}.AppStore|iPhone.Build.0 = AppStore|iPhone
		{DEEC41E4-8DA0-4A33-87BD-DFB8F8BDE853}.AppStore|iPhoneSimulator.ActiveCfg = AppStore|iPhoneSimulator
		{DEEC41E4-8DA0-4A33-87BD-DFB8F8BDE853}.AppStore|iPhoneSimulator.Build.0 = AppStore|iPhoneSimulator
		{DEEC41E4-8DA0-4A33-87BD-DFB8F8BDE853}.AppStore|x64.ActiveCfg = AppStore|iPhone
		{DEEC41E4-8DA0-4A33-87BD-DFB8F8BDE853}.AppStore|x86.ActiveCfg = AppStore|iPhone
		{DEEC41E4-8DA0-4A33-87BD-DFB8F8BDE853}.Debug|Any CPU.ActiveCfg = Debug|iPhone
		{DEEC41E4-8DA0-4A33-87BD-DFB8F8BDE853}.Debug|ARM.ActiveCfg = Debug|iPhone
		{DEEC41E4-8DA0-4A33-87BD-DFB8F8BDE853}.Debug|iPhone.ActiveCfg = Debug|iPhone
		{DEEC41E4-8DA0-4A33-87BD-DFB8F8BDE853}.Debug|iPhone.Build.0 = Debug|iPhone
		{DEEC41E4-8DA0-4A33-87BD-DFB8F8BDE853}.Debug|iPhoneSimulator.ActiveCfg = Debug|iPhoneSimulator
		{DEEC41E4-8DA0-4A33-87BD-DFB8F8BDE853}.Debug|iPhoneSimulator.Build.0 = Debug|iPhoneSimulator
		{DEEC41E4-8DA0-4A33-87BD-DFB8F8BDE853}.Debug|x64.ActiveCfg = Debug|iPhone
		{DEEC41E4-8DA0-4A33-87BD-DFB8F8BDE853}.Debug|x86.ActiveCfg = Debug|iPhone
		{DEEC41E4-8DA0-4A33-87BD-DFB8F8BDE853}.Release|Any CPU.ActiveCfg = Release|iPhone
		{DEEC41E4-8DA0-4A33-87BD-DFB8F8BDE853}.Release|ARM.ActiveCfg = Release|iPhone
		{DEEC41E4-8DA0-4A33-87BD-DFB8F8BDE853}.Release|iPhone.ActiveCfg = Release|iPhone
		{DEEC41E4-8DA0-4A33-87BD-DFB8F8BDE853}.Release|iPhone.Build.0 = Release|iPhone
		{DEEC41E4-8DA0-4A33-87BD-DFB8F8BDE853}.Release|iPhoneSimulator.ActiveCfg = Release|iPhoneSimulator
		{DEEC41E4-8DA0-4A33-87BD-DFB8F8BDE853}.Release|iPhoneSimulator.Build.0 = Release|iPhoneSimulator
		{DEEC41E4-8DA0-4A33-87BD-DFB8F8BDE853}.Release|x64.ActiveCfg = Release|iPhone
		{DEEC41E4-8DA0-4A33-87BD-DFB8F8BDE853}.Release|x86.ActiveCfg = Release|iPhone
		{C4B7DE8F-1602-41D2-8F5F-D5281A2D3522}.Ad-Hoc|Any CPU.ActiveCfg = Release|Any CPU
		{C4B7DE8F-1602-41D2-8F5F-D5281A2D3522}.Ad-Hoc|Any CPU.Build.0 = Release|Any CPU
		{C4B7DE8F-1602-41D2-8F5F-D5281A2D3522}.Ad-Hoc|Any CPU.Deploy.0 = Release|Any CPU
		{C4B7DE8F-1602-41D2-8F5F-D5281A2D3522}.Ad-Hoc|ARM.ActiveCfg = Release|ARM
		{C4B7DE8F-1602-41D2-8F5F-D5281A2D3522}.Ad-Hoc|ARM.Build.0 = Release|ARM
		{C4B7DE8F-1602-41D2-8F5F-D5281A2D3522}.Ad-Hoc|ARM.Deploy.0 = Release|ARM
		{C4B7DE8F-1602-41D2-8F5F-D5281A2D3522}.Ad-Hoc|iPhone.ActiveCfg = Release|Any CPU
		{C4B7DE8F-1602-41D2-8F5F-D5281A2D3522}.Ad-Hoc|iPhone.Build.0 = Release|Any CPU
		{C4B7DE8F-1602-41D2-8F5F-D5281A2D3522}.Ad-Hoc|iPhone.Deploy.0 = Release|Any CPU
		{C4B7DE8F-1602-41D2-8F5F-D5281A2D3522}.Ad-Hoc|iPhoneSimulator.ActiveCfg = Release|Any CPU
		{C4B7DE8F-1602-41D2-8F5F-D5281A2D3522}.Ad-Hoc|iPhoneSimulator.Build.0 = Release|Any CPU
		{C4B7DE8F-1602-41D2-8F5F-D5281A2D3522}.Ad-Hoc|iPhoneSimulator.Deploy.0 = Release|Any CPU
		{C4B7DE8F-1602-41D2-8F5F-D5281A2D3522}.Ad-Hoc|x64.ActiveCfg = Release|Any CPU
		{C4B7DE8F-1602-41D2-8F5F-D5281A2D3522}.Ad-Hoc|x64.Build.0 = Release|Any CPU
		{C4B7DE8F-1602-41D2-8F5F-D5281A2D3522}.Ad-Hoc|x64.Deploy.0 = Release|Any CPU
		{C4B7DE8F-1602-41D2-8F5F-D5281A2D3522}.Ad-Hoc|x86.ActiveCfg = Release|x86
		{C4B7DE8F-1602-41D2-8F5F-D5281A2D3522}.Ad-Hoc|x86.Build.0 = Release|x86
		{C4B7DE8F-1602-41D2-8F5F-D5281A2D3522}.Ad-Hoc|x86.Deploy.0 = Release|x86
		{C4B7DE8F-1602-41D2-8F5F-D5281A2D3522}.AppStore|Any CPU.ActiveCfg = Release|Any CPU
		{C4B7DE8F-1602-41D2-8F5F-D5281A2D3522}.AppStore|Any CPU.Build.0 = Release|Any CPU
		{C4B7DE8F-1602-41D2-8F5F-D5281A2D3522}.AppStore|Any CPU.Deploy.0 = Release|Any CPU
		{C4B7DE8F-1602-41D2-8F5F-D5281A2D3522}.AppStore|ARM.ActiveCfg = Release|ARM
		{C4B7DE8F-1602-41D2-8F5F-D5281A2D3522}.AppStore|ARM.Build.0 = Release|ARM
		{C4B7DE8F-1602-41D2-8F5F-D5281A2D3522}.AppStore|ARM.Deploy.0 = Release|ARM
		{C4B7DE8F-1602-41D2-8F5F-D5281A2D3522}.AppStore|iPhone.ActiveCfg = Release|Any CPU
		{C4B7DE8F-1602-41D2-8F5F-D5281A2D3522}.AppStore|iPhone.Build.0 = Release|Any CPU
		{C4B7DE8F-1602-41D2-8F5F-D5281A2D3522}.AppStore|iPhone.Deploy.0 = Release|Any CPU
		{C4B7DE8F-1602-41D2-8F5F-D5281A2D3522}.AppStore|iPhoneSimulator.ActiveCfg = Release|Any CPU
		{C4B7DE8F-1602-41D2-8F5F-D5281A2D3522}.AppStore|iPhoneSimulator.Build.0 = Release|Any CPU
		{C4B7DE8F-1602-41D2-8F5F-D5281A2D3522}.AppStore|iPhoneSimulator.Deploy.0 = Release|Any CPU
		{C4B7DE8F-1602-41D2-8F5F-D5281A2D3522}.AppStore|x64.ActiveCfg = Release|Any CPU
		{C4B7DE8F-1602-41D2-8F5F-D5281A2D3522}.AppStore|x64.Build.0 = Release|Any CPU
		{C4B7DE8F-1602-41D2-8F5F-D5281A2D3522}.AppStore|x64.Deploy.0 = Release|Any CPU
		{C4B7DE8F-1602-41D2-8F5F-D5281A2D3522}.AppStore|x86.ActiveCfg = Release|x86
		{C4B7DE8F-1602-41D2-8F5F-D5281A2D3522}.AppStore|x86.Build.0 = Release|x86
		{C4B7DE8F-1602-41D2-8F5F-D5281A2D3522}.AppStore|x86.Deploy.0 = Release|x86
		{C4B7DE8F-1602-41D2-8F5F-D5281A2D3522}.Debug|Any CPU.ActiveCfg = Debug|Any CPU
		{C4B7DE8F-1602-41D2-8F5F-D5281A2D3522}.Debug|Any CPU.Build.0 = Debug|Any CPU
		{C4B7DE8F-1602-41D2-8F5F-D5281A2D3522}.Debug|Any CPU.Deploy.0 = Debug|Any CPU
		{C4B7DE8F-1602-41D2-8F5F-D5281A2D3522}.Debug|ARM.ActiveCfg = Debug|ARM
		{C4B7DE8F-1602-41D2-8F5F-D5281A2D3522}.Debug|ARM.Build.0 = Debug|ARM
		{C4B7DE8F-1602-41D2-8F5F-D5281A2D3522}.Debug|ARM.Deploy.0 = Debug|ARM
		{C4B7DE8F-1602-41D2-8F5F-D5281A2D3522}.Debug|iPhone.ActiveCfg = Debug|Any CPU
		{C4B7DE8F-1602-41D2-8F5F-D5281A2D3522}.Debug|iPhone.Build.0 = Debug|Any CPU
		{C4B7DE8F-1602-41D2-8F5F-D5281A2D3522}.Debug|iPhone.Deploy.0 = Debug|Any CPU
		{C4B7DE8F-1602-41D2-8F5F-D5281A2D3522}.Debug|iPhoneSimulator.ActiveCfg = Debug|Any CPU
		{C4B7DE8F-1602-41D2-8F5F-D5281A2D3522}.Debug|iPhoneSimulator.Build.0 = Debug|Any CPU
		{C4B7DE8F-1602-41D2-8F5F-D5281A2D3522}.Debug|iPhoneSimulator.Deploy.0 = Debug|Any CPU
		{C4B7DE8F-1602-41D2-8F5F-D5281A2D3522}.Debug|x64.ActiveCfg = Debug|Any CPU
		{C4B7DE8F-1602-41D2-8F5F-D5281A2D3522}.Debug|x64.Build.0 = Debug|Any CPU
		{C4B7DE8F-1602-41D2-8F5F-D5281A2D3522}.Debug|x64.Deploy.0 = Debug|Any CPU
		{C4B7DE8F-1602-41D2-8F5F-D5281A2D3522}.Debug|x86.ActiveCfg = Debug|x86
		{C4B7DE8F-1602-41D2-8F5F-D5281A2D3522}.Debug|x86.Build.0 = Debug|x86
		{C4B7DE8F-1602-41D2-8F5F-D5281A2D3522}.Debug|x86.Deploy.0 = Debug|x86
		{C4B7DE8F-1602-41D2-8F5F-D5281A2D3522}.Release|Any CPU.ActiveCfg = Release|Any CPU
		{C4B7DE8F-1602-41D2-8F5F-D5281A2D3522}.Release|Any CPU.Build.0 = Release|Any CPU
		{C4B7DE8F-1602-41D2-8F5F-D5281A2D3522}.Release|Any CPU.Deploy.0 = Release|Any CPU
		{C4B7DE8F-1602-41D2-8F5F-D5281A2D3522}.Release|ARM.ActiveCfg = Release|ARM
		{C4B7DE8F-1602-41D2-8F5F-D5281A2D3522}.Release|ARM.Build.0 = Release|ARM
		{C4B7DE8F-1602-41D2-8F5F-D5281A2D3522}.Release|ARM.Deploy.0 = Release|ARM
		{C4B7DE8F-1602-41D2-8F5F-D5281A2D3522}.Release|iPhone.ActiveCfg = Release|Any CPU
		{C4B7DE8F-1602-41D2-8F5F-D5281A2D3522}.Release|iPhone.Build.0 = Release|Any CPU
		{C4B7DE8F-1602-41D2-8F5F-D5281A2D3522}.Release|iPhone.Deploy.0 = Release|Any CPU
		{C4B7DE8F-1602-41D2-8F5F-D5281A2D3522}.Release|iPhoneSimulator.ActiveCfg = Release|Any CPU
		{C4B7DE8F-1602-41D2-8F5F-D5281A2D3522}.Release|iPhoneSimulator.Build.0 = Release|Any CPU
		{C4B7DE8F-1602-41D2-8F5F-D5281A2D3522}.Release|iPhoneSimulator.Deploy.0 = Release|Any CPU
		{C4B7DE8F-1602-41D2-8F5F-D5281A2D3522}.Release|x64.ActiveCfg = Release|Any CPU
		{C4B7DE8F-1602-41D2-8F5F-D5281A2D3522}.Release|x64.Build.0 = Release|Any CPU
		{C4B7DE8F-1602-41D2-8F5F-D5281A2D3522}.Release|x64.Deploy.0 = Release|Any CPU
		{C4B7DE8F-1602-41D2-8F5F-D5281A2D3522}.Release|x86.ActiveCfg = Release|x86
		{C4B7DE8F-1602-41D2-8F5F-D5281A2D3522}.Release|x86.Build.0 = Release|x86
		{C4B7DE8F-1602-41D2-8F5F-D5281A2D3522}.Release|x86.Deploy.0 = Release|x86
		{67A2D02D-A6FA-4DCF-86DB-985B8230E2C2}.Ad-Hoc|Any CPU.ActiveCfg = Release|x86
		{67A2D02D-A6FA-4DCF-86DB-985B8230E2C2}.Ad-Hoc|Any CPU.Build.0 = Release|x86
		{67A2D02D-A6FA-4DCF-86DB-985B8230E2C2}.Ad-Hoc|Any CPU.Deploy.0 = Release|x86
		{67A2D02D-A6FA-4DCF-86DB-985B8230E2C2}.Ad-Hoc|ARM.ActiveCfg = Release|ARM
		{67A2D02D-A6FA-4DCF-86DB-985B8230E2C2}.Ad-Hoc|ARM.Build.0 = Release|ARM
		{67A2D02D-A6FA-4DCF-86DB-985B8230E2C2}.Ad-Hoc|ARM.Deploy.0 = Release|ARM
		{67A2D02D-A6FA-4DCF-86DB-985B8230E2C2}.Ad-Hoc|iPhone.ActiveCfg = Release|x86
		{67A2D02D-A6FA-4DCF-86DB-985B8230E2C2}.Ad-Hoc|iPhone.Build.0 = Release|x86
		{67A2D02D-A6FA-4DCF-86DB-985B8230E2C2}.Ad-Hoc|iPhone.Deploy.0 = Release|x86
		{67A2D02D-A6FA-4DCF-86DB-985B8230E2C2}.Ad-Hoc|iPhoneSimulator.ActiveCfg = Release|x86
		{67A2D02D-A6FA-4DCF-86DB-985B8230E2C2}.Ad-Hoc|iPhoneSimulator.Build.0 = Release|x86
		{67A2D02D-A6FA-4DCF-86DB-985B8230E2C2}.Ad-Hoc|iPhoneSimulator.Deploy.0 = Release|x86
		{67A2D02D-A6FA-4DCF-86DB-985B8230E2C2}.Ad-Hoc|x64.ActiveCfg = Release|x64
		{67A2D02D-A6FA-4DCF-86DB-985B8230E2C2}.Ad-Hoc|x64.Build.0 = Release|x64
		{67A2D02D-A6FA-4DCF-86DB-985B8230E2C2}.Ad-Hoc|x64.Deploy.0 = Release|x64
		{67A2D02D-A6FA-4DCF-86DB-985B8230E2C2}.Ad-Hoc|x86.ActiveCfg = Release|x86
		{67A2D02D-A6FA-4DCF-86DB-985B8230E2C2}.Ad-Hoc|x86.Build.0 = Release|x86
		{67A2D02D-A6FA-4DCF-86DB-985B8230E2C2}.Ad-Hoc|x86.Deploy.0 = Release|x86
		{67A2D02D-A6FA-4DCF-86DB-985B8230E2C2}.AppStore|Any CPU.ActiveCfg = Release|x86
		{67A2D02D-A6FA-4DCF-86DB-985B8230E2C2}.AppStore|Any CPU.Build.0 = Release|x86
		{67A2D02D-A6FA-4DCF-86DB-985B8230E2C2}.AppStore|Any CPU.Deploy.0 = Release|x86
		{67A2D02D-A6FA-4DCF-86DB-985B8230E2C2}.AppStore|ARM.ActiveCfg = Release|ARM
		{67A2D02D-A6FA-4DCF-86DB-985B8230E2C2}.AppStore|ARM.Build.0 = Release|ARM
		{67A2D02D-A6FA-4DCF-86DB-985B8230E2C2}.AppStore|ARM.Deploy.0 = Release|ARM
		{67A2D02D-A6FA-4DCF-86DB-985B8230E2C2}.AppStore|iPhone.ActiveCfg = Release|x86
		{67A2D02D-A6FA-4DCF-86DB-985B8230E2C2}.AppStore|iPhone.Build.0 = Release|x86
		{67A2D02D-A6FA-4DCF-86DB-985B8230E2C2}.AppStore|iPhone.Deploy.0 = Release|x86
		{67A2D02D-A6FA-4DCF-86DB-985B8230E2C2}.AppStore|iPhoneSimulator.ActiveCfg = Release|x86
		{67A2D02D-A6FA-4DCF-86DB-985B8230E2C2}.AppStore|iPhoneSimulator.Build.0 = Release|x86
		{67A2D02D-A6FA-4DCF-86DB-985B8230E2C2}.AppStore|iPhoneSimulator.Deploy.0 = Release|x86
		{67A2D02D-A6FA-4DCF-86DB-985B8230E2C2}.AppStore|x64.ActiveCfg = Release|x64
		{67A2D02D-A6FA-4DCF-86DB-985B8230E2C2}.AppStore|x64.Build.0 = Release|x64
		{67A2D02D-A6FA-4DCF-86DB-985B8230E2C2}.AppStore|x64.Deploy.0 = Release|x64
		{67A2D02D-A6FA-4DCF-86DB-985B8230E2C2}.AppStore|x86.ActiveCfg = Release|x86
		{67A2D02D-A6FA-4DCF-86DB-985B8230E2C2}.AppStore|x86.Build.0 = Release|x86
		{67A2D02D-A6FA-4DCF-86DB-985B8230E2C2}.AppStore|x86.Deploy.0 = Release|x86
		{67A2D02D-A6FA-4DCF-86DB-985B8230E2C2}.Debug|Any CPU.ActiveCfg = Debug|x86
		{67A2D02D-A6FA-4DCF-86DB-985B8230E2C2}.Debug|ARM.ActiveCfg = Debug|ARM
		{67A2D02D-A6FA-4DCF-86DB-985B8230E2C2}.Debug|ARM.Build.0 = Debug|ARM
		{67A2D02D-A6FA-4DCF-86DB-985B8230E2C2}.Debug|ARM.Deploy.0 = Debug|ARM
		{67A2D02D-A6FA-4DCF-86DB-985B8230E2C2}.Debug|iPhone.ActiveCfg = Debug|x86
		{67A2D02D-A6FA-4DCF-86DB-985B8230E2C2}.Debug|iPhoneSimulator.ActiveCfg = Debug|x86
		{67A2D02D-A6FA-4DCF-86DB-985B8230E2C2}.Debug|x64.ActiveCfg = Debug|x64
		{67A2D02D-A6FA-4DCF-86DB-985B8230E2C2}.Debug|x64.Build.0 = Debug|x64
		{67A2D02D-A6FA-4DCF-86DB-985B8230E2C2}.Debug|x64.Deploy.0 = Debug|x64
		{67A2D02D-A6FA-4DCF-86DB-985B8230E2C2}.Debug|x86.ActiveCfg = Debug|x86
		{67A2D02D-A6FA-4DCF-86DB-985B8230E2C2}.Debug|x86.Build.0 = Debug|x86
		{67A2D02D-A6FA-4DCF-86DB-985B8230E2C2}.Debug|x86.Deploy.0 = Debug|x86
		{67A2D02D-A6FA-4DCF-86DB-985B8230E2C2}.Release|Any CPU.ActiveCfg = Release|x86
		{67A2D02D-A6FA-4DCF-86DB-985B8230E2C2}.Release|ARM.ActiveCfg = Release|ARM
		{67A2D02D-A6FA-4DCF-86DB-985B8230E2C2}.Release|ARM.Build.0 = Release|ARM
		{67A2D02D-A6FA-4DCF-86DB-985B8230E2C2}.Release|ARM.Deploy.0 = Release|ARM
		{67A2D02D-A6FA-4DCF-86DB-985B8230E2C2}.Release|iPhone.ActiveCfg = Release|x86
		{67A2D02D-A6FA-4DCF-86DB-985B8230E2C2}.Release|iPhoneSimulator.ActiveCfg = Release|x86
		{67A2D02D-A6FA-4DCF-86DB-985B8230E2C2}.Release|x64.ActiveCfg = Release|x64
		{67A2D02D-A6FA-4DCF-86DB-985B8230E2C2}.Release|x64.Build.0 = Release|x64
		{67A2D02D-A6FA-4DCF-86DB-985B8230E2C2}.Release|x64.Deploy.0 = Release|x64
		{67A2D02D-A6FA-4DCF-86DB-985B8230E2C2}.Release|x86.ActiveCfg = Release|x86
		{67A2D02D-A6FA-4DCF-86DB-985B8230E2C2}.Release|x86.Build.0 = Release|x86
		{67A2D02D-A6FA-4DCF-86DB-985B8230E2C2}.Release|x86.Deploy.0 = Release|x86
		{21C382CA-A73E-420D-99D1-0439A2E35588}.Ad-Hoc|Any CPU.ActiveCfg = Release|Any CPU
		{21C382CA-A73E-420D-99D1-0439A2E35588}.Ad-Hoc|Any CPU.Build.0 = Release|Any CPU
		{21C382CA-A73E-420D-99D1-0439A2E35588}.Ad-Hoc|Any CPU.Deploy.0 = Release|Any CPU
		{21C382CA-A73E-420D-99D1-0439A2E35588}.Ad-Hoc|ARM.ActiveCfg = Release|ARM
		{21C382CA-A73E-420D-99D1-0439A2E35588}.Ad-Hoc|ARM.Build.0 = Release|ARM
		{21C382CA-A73E-420D-99D1-0439A2E35588}.Ad-Hoc|ARM.Deploy.0 = Release|ARM
		{21C382CA-A73E-420D-99D1-0439A2E35588}.Ad-Hoc|iPhone.ActiveCfg = Release|Any CPU
		{21C382CA-A73E-420D-99D1-0439A2E35588}.Ad-Hoc|iPhone.Build.0 = Release|Any CPU
		{21C382CA-A73E-420D-99D1-0439A2E35588}.Ad-Hoc|iPhone.Deploy.0 = Release|Any CPU
		{21C382CA-A73E-420D-99D1-0439A2E35588}.Ad-Hoc|iPhoneSimulator.ActiveCfg = Release|Any CPU
		{21C382CA-A73E-420D-99D1-0439A2E35588}.Ad-Hoc|iPhoneSimulator.Build.0 = Release|Any CPU
		{21C382CA-A73E-420D-99D1-0439A2E35588}.Ad-Hoc|iPhoneSimulator.Deploy.0 = Release|Any CPU
		{21C382CA-A73E-420D-99D1-0439A2E35588}.Ad-Hoc|x64.ActiveCfg = Release|x64
		{21C382CA-A73E-420D-99D1-0439A2E35588}.Ad-Hoc|x64.Build.0 = Release|x64
		{21C382CA-A73E-420D-99D1-0439A2E35588}.Ad-Hoc|x64.Deploy.0 = Release|x64
		{21C382CA-A73E-420D-99D1-0439A2E35588}.Ad-Hoc|x86.ActiveCfg = Release|x86
		{21C382CA-A73E-420D-99D1-0439A2E35588}.Ad-Hoc|x86.Build.0 = Release|x86
		{21C382CA-A73E-420D-99D1-0439A2E35588}.Ad-Hoc|x86.Deploy.0 = Release|x86
		{21C382CA-A73E-420D-99D1-0439A2E35588}.AppStore|Any CPU.ActiveCfg = Release|Any CPU
		{21C382CA-A73E-420D-99D1-0439A2E35588}.AppStore|Any CPU.Build.0 = Release|Any CPU
		{21C382CA-A73E-420D-99D1-0439A2E35588}.AppStore|Any CPU.Deploy.0 = Release|Any CPU
		{21C382CA-A73E-420D-99D1-0439A2E35588}.AppStore|ARM.ActiveCfg = Release|ARM
		{21C382CA-A73E-420D-99D1-0439A2E35588}.AppStore|ARM.Build.0 = Release|ARM
		{21C382CA-A73E-420D-99D1-0439A2E35588}.AppStore|ARM.Deploy.0 = Release|ARM
		{21C382CA-A73E-420D-99D1-0439A2E35588}.AppStore|iPhone.ActiveCfg = Release|Any CPU
		{21C382CA-A73E-420D-99D1-0439A2E35588}.AppStore|iPhone.Build.0 = Release|Any CPU
		{21C382CA-A73E-420D-99D1-0439A2E35588}.AppStore|iPhone.Deploy.0 = Release|Any CPU
		{21C382CA-A73E-420D-99D1-0439A2E35588}.AppStore|iPhoneSimulator.ActiveCfg = Release|Any CPU
		{21C382CA-A73E-420D-99D1-0439A2E35588}.AppStore|iPhoneSimulator.Build.0 = Release|Any CPU
		{21C382CA-A73E-420D-99D1-0439A2E35588}.AppStore|iPhoneSimulator.Deploy.0 = Release|Any CPU
		{21C382CA-A73E-420D-99D1-0439A2E35588}.AppStore|x64.ActiveCfg = Release|x64
		{21C382CA-A73E-420D-99D1-0439A2E35588}.AppStore|x64.Build.0 = Release|x64
		{21C382CA-A73E-420D-99D1-0439A2E35588}.AppStore|x64.Deploy.0 = Release|x64
		{21C382CA-A73E-420D-99D1-0439A2E35588}.AppStore|x86.ActiveCfg = Release|x86
		{21C382CA-A73E-420D-99D1-0439A2E35588}.AppStore|x86.Build.0 = Release|x86
		{21C382CA-A73E-420D-99D1-0439A2E35588}.AppStore|x86.Deploy.0 = Release|x86
		{21C382CA-A73E-420D-99D1-0439A2E35588}.Debug|Any CPU.ActiveCfg = Debug|Any CPU
		{21C382CA-A73E-420D-99D1-0439A2E35588}.Debug|Any CPU.Build.0 = Debug|Any CPU
		{21C382CA-A73E-420D-99D1-0439A2E35588}.Debug|Any CPU.Deploy.0 = Debug|Any CPU
		{21C382CA-A73E-420D-99D1-0439A2E35588}.Debug|ARM.ActiveCfg = Debug|ARM
		{21C382CA-A73E-420D-99D1-0439A2E35588}.Debug|ARM.Build.0 = Debug|ARM
		{21C382CA-A73E-420D-99D1-0439A2E35588}.Debug|ARM.Deploy.0 = Debug|ARM
		{21C382CA-A73E-420D-99D1-0439A2E35588}.Debug|iPhone.ActiveCfg = Debug|Any CPU
		{21C382CA-A73E-420D-99D1-0439A2E35588}.Debug|iPhone.Build.0 = Debug|Any CPU
		{21C382CA-A73E-420D-99D1-0439A2E35588}.Debug|iPhone.Deploy.0 = Debug|Any CPU
		{21C382CA-A73E-420D-99D1-0439A2E35588}.Debug|iPhoneSimulator.ActiveCfg = Debug|Any CPU
		{21C382CA-A73E-420D-99D1-0439A2E35588}.Debug|iPhoneSimulator.Build.0 = Debug|Any CPU
		{21C382CA-A73E-420D-99D1-0439A2E35588}.Debug|iPhoneSimulator.Deploy.0 = Debug|Any CPU
		{21C382CA-A73E-420D-99D1-0439A2E35588}.Debug|x64.ActiveCfg = Debug|x64
		{21C382CA-A73E-420D-99D1-0439A2E35588}.Debug|x64.Build.0 = Debug|x64
		{21C382CA-A73E-420D-99D1-0439A2E35588}.Debug|x64.Deploy.0 = Debug|x64
		{21C382CA-A73E-420D-99D1-0439A2E35588}.Debug|x86.ActiveCfg = Debug|x86
		{21C382CA-A73E-420D-99D1-0439A2E35588}.Debug|x86.Build.0 = Debug|x86
		{21C382CA-A73E-420D-99D1-0439A2E35588}.Debug|x86.Deploy.0 = Debug|x86
		{21C382CA-A73E-420D-99D1-0439A2E35588}.Release|Any CPU.ActiveCfg = Release|Any CPU
		{21C382CA-A73E-420D-99D1-0439A2E35588}.Release|Any CPU.Build.0 = Release|Any CPU
		{21C382CA-A73E-420D-99D1-0439A2E35588}.Release|Any CPU.Deploy.0 = Release|Any CPU
		{21C382CA-A73E-420D-99D1-0439A2E35588}.Release|ARM.ActiveCfg = Release|ARM
		{21C382CA-A73E-420D-99D1-0439A2E35588}.Release|ARM.Build.0 = Release|ARM
		{21C382CA-A73E-420D-99D1-0439A2E35588}.Release|ARM.Deploy.0 = Release|ARM
		{21C382CA-A73E-420D-99D1-0439A2E35588}.Release|iPhone.ActiveCfg = Release|Any CPU
		{21C382CA-A73E-420D-99D1-0439A2E35588}.Release|iPhone.Build.0 = Release|Any CPU
		{21C382CA-A73E-420D-99D1-0439A2E35588}.Release|iPhone.Deploy.0 = Release|Any CPU
		{21C382CA-A73E-420D-99D1-0439A2E35588}.Release|iPhoneSimulator.ActiveCfg = Release|Any CPU
		{21C382CA-A73E-420D-99D1-0439A2E35588}.Release|iPhoneSimulator.Build.0 = Release|Any CPU
		{21C382CA-A73E-420D-99D1-0439A2E35588}.Release|iPhoneSimulator.Deploy.0 = Release|Any CPU
		{21C382CA-A73E-420D-99D1-0439A2E35588}.Release|x64.ActiveCfg = Release|x64
		{21C382CA-A73E-420D-99D1-0439A2E35588}.Release|x64.Build.0 = Release|x64
		{21C382CA-A73E-420D-99D1-0439A2E35588}.Release|x64.Deploy.0 = Release|x64
		{21C382CA-A73E-420D-99D1-0439A2E35588}.Release|x86.ActiveCfg = Release|x86
		{21C382CA-A73E-420D-99D1-0439A2E35588}.Release|x86.Build.0 = Release|x86
		{21C382CA-A73E-420D-99D1-0439A2E35588}.Release|x86.Deploy.0 = Release|x86
	EndGlobalSection
	GlobalSection(SolutionProperties) = preSolution
		HideSolutionNode = FALSE
	EndGlobalSection
EndGlobal
